
Microsoft Visual Studio Solution File, Format Version 12.00
# Visual Studio Version 16
VisualStudioVersion = 16.0.31702.278
MinimumVisualStudioVersion = 10.0.40219.1
Project("{FAE04EC0-301F-11D3-BF4B-00C04F79EFBC}") = "EditModelTable.Ver1", "EditModelTable.Ver1\EditModelTable.Ver1.csproj", "{F5E01359-2481-4292-BC99-09D4D93CB09F}"
EndProject
Project("{FAE04EC0-301F-11D3-BF4B-00C04F79EFBC}") = "IpAddressTable.Ver1", "IpAddressTable\IpAddressTable.Ver1.csproj", "{348A2C31-9445-43C3-9AE0-6BCB4F2C9996}"
EndProject
Project("{2150E333-8FDC-42A3-9474-1A3956D46DE8}") = "EditModelTable", "EditModelTable", "{A92CAB25-73DF-45E5-BDCE-1DDB57B0BA63}"
EndProject
Project("{2150E333-8FDC-42A3-9474-1A3956D46DE8}") = "IpAddressTable", "IpAddressTable", "{EA1E5501-6137-4441-932E-0EA0DFD3EDE0}"
EndProject
Project("{2150E333-8FDC-42A3-9474-1A3956D46DE8}") = "LMessageBox", "LMessageBox", "{96085193-A0A3-4B45-8C90-E55EB353DF71}"
EndProject
Project("{FAE04EC0-301F-11D3-BF4B-00C04F79EFBC}") = "LMessageBox.Ver1", "LMessageBox.Ver1\LMessageBox.Ver1.csproj", "{EBCD32D2-DDEB-48EC-86EA-C72B4376DBBC}"
EndProject
Project("{FAE04EC0-301F-11D3-BF4B-00C04F79EFBC}") = "Test", "Test\Test.csproj", "{2D8B8F1A-570D-4CE1-B57B-A3EF468B58FC}"
EndProject
Global
	GlobalSection(SolutionConfigurationPlatforms) = preSolution
		Debug|Any CPU = Debug|Any CPU
		Release|Any CPU = Release|Any CPU
	EndGlobalSection
	GlobalSection(ProjectConfigurationPlatforms) = postSolution
		{F5E01359-2481-4292-BC99-09D4D93CB09F}.Debug|Any CPU.ActiveCfg = Debug|Any CPU
		{F5E01359-2481-4292-BC99-09D4D93CB09F}.Debug|Any CPU.Build.0 = Debug|Any CPU
		{F5E01359-2481-4292-BC99-09D4D93CB09F}.Release|Any CPU.ActiveCfg = Release|Any CPU
		{F5E01359-2481-4292-BC99-09D4D93CB09F}.Release|Any CPU.Build.0 = Release|Any CPU
		{348A2C31-9445-43C3-9AE0-6BCB4F2C9996}.Debug|Any CPU.ActiveCfg = Debug|Any CPU
		{348A2C31-9445-43C3-9AE0-6BCB4F2C9996}.Debug|Any CPU.Build.0 = Debug|Any CPU
		{348A2C31-9445-43C3-9AE0-6BCB4F2C9996}.Release|Any CPU.ActiveCfg = Release|Any CPU
		{348A2C31-9445-43C3-9AE0-6BCB4F2C9996}.Release|Any CPU.Build.0 = Release|Any CPU
		{EBCD32D2-DDEB-48EC-86EA-C72B4376DBBC}.Debug|Any CPU.ActiveCfg = Debug|Any CPU
		{EBCD32D2-DDEB-48EC-86EA-C72B4376DBBC}.Debug|Any CPU.Build.0 = Debug|Any CPU
		{EBCD32D2-DDEB-48EC-86EA-C72B4376DBBC}.Release|Any CPU.ActiveCfg = Release|Any CPU
		{EBCD32D2-DDEB-48EC-86EA-C72B4376DBBC}.Release|Any CPU.Build.0 = Release|Any CPU
		{2D8B8F1A-570D-4CE1-B57B-A3EF468B58FC}.Debug|Any CPU.ActiveCfg = Debug|Any CPU
		{2D8B8F1A-570D-4CE1-B57B-A3EF468B58FC}.Debug|Any CPU.Build.0 = Debug|Any CPU
		{2D8B8F1A-570D-4CE1-B57B-A3EF468B58FC}.Release|Any CPU.ActiveCfg = Release|Any CPU
		{2D8B8F1A-570D-4CE1-B57B-A3EF468B58FC}.Release|Any CPU.Build.0 = Release|Any CPU
	EndGlobalSection
	GlobalSection(SolutionProperties) = preSolution
		HideSolutionNode = FALSE
	EndGlobalSection
	GlobalSection(NestedProjects) = preSolution
		{F5E01359-2481-4292-BC99-09D4D93CB09F} = {A92CAB25-73DF-45E5-BDCE-1DDB57B0BA63}
		{348A2C31-9445-43C3-9AE0-6BCB4F2C9996} = {EA1E5501-6137-4441-932E-0EA0DFD3EDE0}
		{EBCD32D2-DDEB-48EC-86EA-C72B4376DBBC} = {96085193-A0A3-4B45-8C90-E55EB353DF71}
		{2D8B8F1A-570D-4CE1-B57B-A3EF468B58FC} = {96085193-A0A3-4B45-8C90-E55EB353DF71}
	EndGlobalSection
	GlobalSection(ExtensibilityGlobals) = postSolution
		SolutionGuid = {0ECB88D2-6C06-46B4-B3B6-AA63A8A367ED}
	EndGlobalSection
EndGlobal
